
Microsoft Visual Studio Solution File, Format Version 12.00
# Visual Studio Version 17
VisualStudioVersion = 17.4.33122.133
MinimumVisualStudioVersion = 10.0.40219.1
Project("{FAE04EC0-301F-11D3-BF4B-00C04F79EFBC}") = "SerialTest2", "SerialTest2.csproj", "{3690EAB3-FACC-4C47-B49B-561D6F228BEC}"
EndProject
Global
	GlobalSection(SolutionConfigurationPlatforms) = preSolution
		Debug|Any CPU = Debug|Any CPU
		Release|Any CPU = Release|Any CPU
	EndGlobalSection
	GlobalSection(ProjectConfigurationPlatforms) = postSolution
		{3690EAB3-FACC-4C47-B49B-561D6F228BEC}.Debug|Any CPU.ActiveCfg = Debug|Any CPU
		{3690EAB3-FACC-4C47-B49B-561D6F228BEC}.Debug|Any CPU.Build.0 = Debug|Any CPU
		{3690EAB3-FACC-4C47-B49B-561D6F228BEC}.Release|Any CPU.ActiveCfg = Release|Any CPU
		{3690EAB3-FACC-4C47-B49B-561D6F228BEC}.Release|Any CPU.Build.0 = Release|Any CPU
	EndGlobalSection
	GlobalSection(SolutionProperties) = preSolution
		HideSolutionNode = FALSE
	EndGlobalSection
	GlobalSection(ExtensibilityGlobals) = postSolution
		SolutionGuid = {DBF66AF0-ABEB-4493-86AC-EBF3D86BBFFC}
	EndGlobalSection
EndGlobal
